
Microsoft Visual Studio Solution File, Format Version 12.00
# Visual Studio Version 16
VisualStudioVersion = 16.0.31624.102
MinimumVisualStudioVersion = 10.0.40219.1
Project("{FAE04EC0-301F-11D3-BF4B-00C04F79EFBC}") = "ConsoleApp", "Console\ConsoleApp.csproj", "{996A9539-8D1C-48F5-9F75-DA800F518CF3}"
EndProject
Project("{FAE04EC0-301F-11D3-BF4B-00C04F79EFBC}") = "Library", "Library\Library.csproj", "{5D43EEF2-0C1E-4663-8273-9CFF9FD85D26}"
EndProject
Project("{FAE04EC0-301F-11D3-BF4B-00C04F79EFBC}") = "WinForm", "WinForm\WinForm.csproj", "{BD5AF69D-D5FC-49BC-AAA3-2FDB68A43F63}"
EndProject
Global
	GlobalSection(SolutionConfigurationPlatforms) = preSolution
		Debug|Any CPU = Debug|Any CPU
		Release|Any CPU = Release|Any CPU
	EndGlobalSection
	GlobalSection(ProjectConfigurationPlatforms) = postSolution
		{996A9539-8D1C-48F5-9F75-DA800F518CF3}.Debug|Any CPU.ActiveCfg = Debug|Any CPU
		{996A9539-8D1C-48F5-9F75-DA800F518CF3}.Debug|Any CPU.Build.0 = Debug|Any CPU
		{996A9539-8D1C-48F5-9F75-DA800F518CF3}.Release|Any CPU.ActiveCfg = Release|Any CPU
		{996A9539-8D1C-48F5-9F75-DA800F518CF3}.Release|Any CPU.Build.0 = Release|Any CPU
		{5D43EEF2-0C1E-4663-8273-9CFF9FD85D26}.Debug|Any CPU.ActiveCfg = Debug|Any CPU
		{5D43EEF2-0C1E-4663-8273-9CFF9FD85D26}.Debug|Any CPU.Build.0 = Debug|Any CPU
		{5D43EEF2-0C1E-4663-8273-9CFF9FD85D26}.Release|Any CPU.ActiveCfg = Release|Any CPU
		{5D43EEF2-0C1E-4663-8273-9CFF9FD85D26}.Release|Any CPU.Build.0 = Release|Any CPU
		{BD5AF69D-D5FC-49BC-AAA3-2FDB68A43F63}.Debug|Any CPU.ActiveCfg = Debug|Any CPU
		{BD5AF69D-D5FC-49BC-AAA3-2FDB68A43F63}.Debug|Any CPU.Build.0 = Debug|Any CPU
		{BD5AF69D-D5FC-49BC-AAA3-2FDB68A43F63}.Release|Any CPU.ActiveCfg = Release|Any CPU
		{BD5AF69D-D5FC-49BC-AAA3-2FDB68A43F63}.Release|Any CPU.Build.0 = Release|Any CPU
	EndGlobalSection
	GlobalSection(SolutionProperties) = preSolution
		HideSolutionNode = FALSE
	EndGlobalSection
	GlobalSection(ExtensibilityGlobals) = postSolution
		SolutionGuid = {666AB5CD-F60A-4C8C-ABF9-799A9876FADE}
	EndGlobalSection
EndGlobal
